<?xml version="1.0" encoding="utf-8"?>
<Project ToolsVersion="4.0" xmlns="http://schemas.microsoft.com/developer/msbuild/2003">
  <ItemGroup>
    <Filter Include="Source Files">
      <UniqueIdentifier>{4FC737F1-C7A5-4376-A066-2A32D752A2FF}</UniqueIdentifier>
      <Extensions>cpp;c;cc;cxx;def;odl;idl;hpj;bat;asm;asmx</Extensions>
    </Filter>
    <Filter Include="Header Files">
      <UniqueIdentifier>{93995380-89BD-4b04-88EB-625FBE52EBFB}</UniqueIdentifier>
      <Extensions>h;hh;hpp;hxx;hm;inl;inc;xsd</Extensions>
    </Filter>
    <Filter Include="Resource Files">
      <UniqueIdentifier>{67DA6AB6-F800-4c08-8B7A-83BB121AAD01}</UniqueIdentifier>
      <Extensions>rc;ico;cur;bmp;dlg;rc2;rct;bin;rgs;gif;jpg;jpeg;jpe;resx;tiff;tif;png;wav;mfcribbon-ms</Extensions>
    </Filter>
  </ItemGroup>
  <ItemGroup>
    <ClCompile Include="..\..\TestingInterfaces1\main.cpp">
      <Filter>Source Files</Filter>
    </ClCompile>
    <ClCompile Include="..\..\TestingInterfaces1\Actor.cpp">
      <Filter>Source Files</Filter>
    </ClCompile>
    <ClCompile Include="..\..\TestingInterfaces1\ActorFactory.cpp">
      <Filter>Source Files</Filter>
    </ClCompile>
    <ClCompile Include="..\..\TestingInterfaces1\ColorComponent.cpp">
      <Filter>Source Files</Filter>
    </ClCompile>
    <ClCompile Include="..\..\TestingInterfaces1\Definitions.cpp">
      <Filter>Source Files</Filter>
    </ClCompile>
    <ClCompile Include="..\..\TestingInterfaces1\EventManager.cpp">
      <Filter>Source Files</Filter>
    </ClCompile>
    <ClCompile Include="..\..\TestingInterfaces1\GravityAction.cpp">
      <Filter>Source Files</Filter>
    </ClCompile>
    <ClCompile Include="..\..\TestingInterfaces1\IActorComponent.cpp">
      <Filter>Source Files</Filter>
    </ClCompile>
    <ClCompile Include="..\..\TestingInterfaces1\IEventResponder.cpp">
      <Filter>Source Files</Filter>
    </ClCompile>
    <ClCompile Include="..\..\TestingInterfaces1\IGlobalID.cpp">
      <Filter>Source Files</Filter>
    </ClCompile>
    <ClCompile Include="..\..\TestingInterfaces1\IProcess.cpp">
      <Filter>Source Files</Filter>
    </ClCompile>
    <ClCompile Include="..\..\TestingInterfaces1\IRenderable.cpp">
      <Filter>Source Files</Filter>
    </ClCompile>
    <ClCompile Include="..\..\TestingInterfaces1\MoveAction.cpp">
      <Filter>Source Files</Filter>
    </ClCompile>
    <ClCompile Include="..\..\TestingInterfaces1\MoveRight.cpp">
      <Filter>Source Files</Filter>
    </ClCompile>
    <ClCompile Include="..\..\TestingInterfaces1\PositionComponent.cpp">
      <Filter>Source Files</Filter>
    </ClCompile>
    <ClCompile Include="..\..\TestingInterfaces1\RenderableShape.cpp">
      <Filter>Source Files</Filter>
    </ClCompile>
    <ClCompile Include="..\..\TestingInterfaces1\RenderableSprite.cpp">
      <Filter>Source Files</Filter>
    </ClCompile>
    <ClCompile Include="..\..\TestingInterfaces1\RenderComponent.cpp">
      <Filter>Source Files</Filter>
    </ClCompile>
    <ClCompile Include="..\..\TestingInterfaces1\Renderer.cpp">
      <Filter>Source Files</Filter>
    </ClCompile>
    <ClCompile Include="..\..\TestingInterfaces1\timer.cpp">
      <Filter>Source Files</Filter>
    </ClCompile>
  </ItemGroup>
  <ItemGroup>
    <ClInclude Include="..\..\TestingInterfaces1\Actor.h">
      <Filter>Source Files</Filter>
    </ClInclude>
    <ClInclude Include="..\..\TestingInterfaces1\ActorFactory.h">
      <Filter>Source Files</Filter>
    </ClInclude>
    <ClInclude Include="..\..\TestingInterfaces1\Color.h">
      <Filter>Source Files</Filter>
    </ClInclude>
    <ClInclude Include="..\..\TestingInterfaces1\ColorComponent.h">
      <Filter>Source Files</Filter>
    </ClInclude>
    <ClInclude Include="..\..\TestingInterfaces1\definitions.h">
      <Filter>Source Files</Filter>
    </ClInclude>
    <ClInclude Include="..\..\TestingInterfaces1\Dimensions.h">
      <Filter>Source Files</Filter>
    </ClInclude>
    <ClInclude Include="..\..\TestingInterfaces1\EventManager.h">
      <Filter>Source Files</Filter>
    </ClInclude>
    <ClInclude Include="..\..\TestingInterfaces1\GravityAction.h">
      <Filter>Source Files</Filter>
    </ClInclude>
    <ClInclude Include="..\..\TestingInterfaces1\IActorComponent.h">
      <Filter>Source Files</Filter>
    </ClInclude>
    <ClInclude Include="..\..\TestingInterfaces1\IEventResponder.h">
      <Filter>Source Files</Filter>
    </ClInclude>
    <ClInclude Include="..\..\TestingInterfaces1\IGlobalID.h">
      <Filter>Source Files</Filter>
    </ClInclude>
    <ClInclude Include="..\..\TestingInterfaces1\IProcess.h">
      <Filter>Source Files</Filter>
    </ClInclude>
    <ClInclude Include="..\..\TestingInterfaces1\irenderable.h">
      <Filter>Source Files</Filter>
    </ClInclude>
    <ClInclude Include="..\..\TestingInterfaces1\MoveAction.h">
      <Filter>Source Files</Filter>
    </ClInclude>
    <ClInclude Include="..\..\TestingInterfaces1\MoveRight.h">
      <Filter>Source Files</Filter>
    </ClInclude>
    <ClInclude Include="..\..\TestingInterfaces1\PositionComponent.h">
      <Filter>Source Files</Filter>
    </ClInclude>
    <ClInclude Include="..\..\TestingInterfaces1\RenderableShape.h">
      <Filter>Source Files</Filter>
    </ClInclude>
    <ClInclude Include="..\..\TestingInterfaces1\RenderableSprite.h">
      <Filter>Source Files</Filter>
    </ClInclude>
    <ClInclude Include="..\..\TestingInterfaces1\RenderComponent.h">
      <Filter>Source Files</Filter>
    </ClInclude>
    <ClInclude Include="..\..\TestingInterfaces1\renderer.h">
      <Filter>Source Files</Filter>
    </ClInclude>
    <ClInclude Include="..\..\TestingInterfaces1\timer.h">
      <Filter>Source Files</Filter>
    </ClInclude>
    <ClInclude Include="resource.h">
      <Filter>Header Files</Filter>
    </ClInclude>
  </ItemGroup>
  <ItemGroup>
    <ResourceCompile Include="LD28Test2.rc">
      <Filter>Resource Files</Filter>
    </ResourceCompile>
  </ItemGroup>
  <ItemGroup>
    <Image Include="icon1.ico">
      <Filter>Resource Files</Filter>
    </Image>
    <Image Include="greyship.png">
      <Filter>Resource Files</Filter>
    </Image>
    <Image Include="icon2.ico">
      <Filter>Resource Files</Filter>
    </Image>
    <Image Include="..\..\..\..\..\Desktop\icon.ico">
      <Filter>Resource Files</Filter>
    </Image>
  </ItemGroup>
</Project>